
Microsoft Visual Studio Solution File, Format Version 12.00
# Visual Studio Version 16
VisualStudioVersion = 16.0.29613.14
MinimumVisualStudioVersion = 10.0.40219.1
Project("{9A19103F-16F7-4668-BE54-9A1E7A4F7556}") = "SerialPortRx", "SerialPortRx\SerialPortRx.csproj", "{CDA3585B-D3D6-4BE4-9A6B-582AB5DE0B8F}"
EndProject
Project("{2150E333-8FDC-42A3-9474-1A3956D46DE8}") = "ConfigFiles", "ConfigFiles", "{D4EE9FBC-EA31-4BF1-8F9D-A8D1E0B9500C}"
	ProjectSection(SolutionItems) = preProject
		.editorconfig = .editorconfig
		appveyor.yml = appveyor.yml
		Directory.Build.props = Directory.Build.props
		README.md = README.md
		stylecop.json = stylecop.json
		Version.json = Version.json
	EndProjectSection
EndProject
Project("{9A19103F-16F7-4668-BE54-9A1E7A4F7556}") = "SerialPortRx.Test", "SerialPortRx.Test\SerialPortRx.Test.csproj", "{6365DAE3-9EB7-4054-94E9-A3100C6637ED}"
EndProject
Global
	GlobalSection(SolutionConfigurationPlatforms) = preSolution
		Debug|Any CPU = Debug|Any CPU
		Release|Any CPU = Release|Any CPU
	EndGlobalSection
	GlobalSection(ProjectConfigurationPlatforms) = postSolution
		{CDA3585B-D3D6-4BE4-9A6B-582AB5DE0B8F}.Debug|Any CPU.ActiveCfg = Debug|Any CPU
		{CDA3585B-D3D6-4BE4-9A6B-582AB5DE0B8F}.Debug|Any CPU.Build.0 = Debug|Any CPU
		{CDA3585B-D3D6-4BE4-9A6B-582AB5DE0B8F}.Release|Any CPU.ActiveCfg = Release|Any CPU
		{CDA3585B-D3D6-4BE4-9A6B-582AB5DE0B8F}.Release|Any CPU.Build.0 = Release|Any CPU
		{6365DAE3-9EB7-4054-94E9-A3100C6637ED}.Debug|Any CPU.ActiveCfg = Debug|Any CPU
		{6365DAE3-9EB7-4054-94E9-A3100C6637ED}.Debug|Any CPU.Build.0 = Debug|Any CPU
		{6365DAE3-9EB7-4054-94E9-A3100C6637ED}.Release|Any CPU.ActiveCfg = Release|Any CPU
		{6365DAE3-9EB7-4054-94E9-A3100C6637ED}.Release|Any CPU.Build.0 = Release|Any CPU
	EndGlobalSection
	GlobalSection(SolutionProperties) = preSolution
		HideSolutionNode = FALSE
	EndGlobalSection
	GlobalSection(ExtensibilityGlobals) = postSolution
		SolutionGuid = {8816E046-4B58-4E9B-8877-26360A8204C6}
	EndGlobalSection
EndGlobal
